
Microsoft Visual Studio Solution File, Format Version 12.00
# Visual Studio Version 17
VisualStudioVersion = 17.10.34916.146
MinimumVisualStudioVersion = 10.0.40219.1
Project("{FAE04EC0-301F-11D3-BF4B-00C04F79EFBC}") = "TechHouse", "TechHouse.csproj", "{264E1DC0-9567-4D2C-B8EA-1D63F7400689}"
EndProject
Global
	GlobalSection(SolutionConfigurationPlatforms) = preSolution
		Debug|Any CPU = Debug|Any CPU
		Release|Any CPU = Release|Any CPU
	EndGlobalSection
	GlobalSection(ProjectConfigurationPlatforms) = postSolution
		{264E1DC0-9567-4D2C-B8EA-1D63F7400689}.Debug|Any CPU.ActiveCfg = Debug|Any CPU
		{264E1DC0-9567-4D2C-B8EA-1D63F7400689}.Debug|Any CPU.Build.0 = Debug|Any CPU
		{264E1DC0-9567-4D2C-B8EA-1D63F7400689}.Release|Any CPU.ActiveCfg = Release|Any CPU
		{264E1DC0-9567-4D2C-B8EA-1D63F7400689}.Release|Any CPU.Build.0 = Release|Any CPU
	EndGlobalSection
	GlobalSection(SolutionProperties) = preSolution
		HideSolutionNode = FALSE
	EndGlobalSection
	GlobalSection(ExtensibilityGlobals) = postSolution
		SolutionGuid = {3286BCE8-D612-4AA2-905A-1C2FD96C1AFB}
	EndGlobalSection
EndGlobal
